
Microsoft Visual Studio Solution File, Format Version 12.00
# Visual Studio Version 16
VisualStudioVersion = 16.0.31005.135
MinimumVisualStudioVersion = 10.0.40219.1
Project("{FAE04EC0-301F-11D3-BF4B-00C04F79EFBC}") = "Peso_Ideal", "Peso_Ideal\Peso_Ideal.csproj", "{56D73A93-12B4-48B9-96AC-77D69FFFF7EA}"
EndProject
Global
	GlobalSection(SolutionConfigurationPlatforms) = preSolution
		Debug|Any CPU = Debug|Any CPU
		Release|Any CPU = Release|Any CPU
	EndGlobalSection
	GlobalSection(ProjectConfigurationPlatforms) = postSolution
		{56D73A93-12B4-48B9-96AC-77D69FFFF7EA}.Debug|Any CPU.ActiveCfg = Debug|Any CPU
		{56D73A93-12B4-48B9-96AC-77D69FFFF7EA}.Debug|Any CPU.Build.0 = Debug|Any CPU
		{56D73A93-12B4-48B9-96AC-77D69FFFF7EA}.Release|Any CPU.ActiveCfg = Release|Any CPU
		{56D73A93-12B4-48B9-96AC-77D69FFFF7EA}.Release|Any CPU.Build.0 = Release|Any CPU
	EndGlobalSection
	GlobalSection(SolutionProperties) = preSolution
		HideSolutionNode = FALSE
	EndGlobalSection
	GlobalSection(ExtensibilityGlobals) = postSolution
		SolutionGuid = {A914A47B-0967-49FB-9ACF-28ACB9E3DD65}
	EndGlobalSection
EndGlobal
